// !$*UTF8*$!
{
	archiveVersion = 1;
	classes = {
	};
	objectVersion = 46;
	objects = {

/* Begin PBXBuildFile section */
		31AD493C1CB335F800FF13D2 /* SongListController2.swift in Sources */ = {isa = PBXBuildFile; fileRef = 31AD493B1CB335F800FF13D2 /* SongListController2.swift */; };
		31AD493E1CB3361D00FF13D2 /* SongCell2.swift in Sources */ = {isa = PBXBuildFile; fileRef = 31AD493D1CB3361D00FF13D2 /* SongCell2.swift */; };
		31AD49401CB3371900FF13D2 /* IdeaListController2.swift in Sources */ = {isa = PBXBuildFile; fileRef = 31AD493F1CB3371900FF13D2 /* IdeaListController2.swift */; };
		31AD49421CB337A400FF13D2 /* IdeaCell2.swift in Sources */ = {isa = PBXBuildFile; fileRef = 31AD49411CB337A400FF13D2 /* IdeaCell2.swift */; };
		61066F6A1CA32DCF0031EF4A /* SongListTableViewController.swift in Sources */ = {isa = PBXBuildFile; fileRef = 61066F691CA32DCF0031EF4A /* SongListTableViewController.swift */; };
		61066F6C1CA32EA30031EF4A /* SettingsTableViewController.swift in Sources */ = {isa = PBXBuildFile; fileRef = 61066F6B1CA32EA30031EF4A /* SettingsTableViewController.swift */; };
		61066F701CA332030031EF4A /* Song.swift in Sources */ = {isa = PBXBuildFile; fileRef = 61066F6F1CA332030031EF4A /* Song.swift */; };
		6108EB8E1CA329650077CCC3 /* RecordButtonImage.png in Resources */ = {isa = PBXBuildFile; fileRef = 6108EB8D1CA329650077CCC3 /* RecordButtonImage.png */; };
		613CEA241C9A07D80079CA56 /* AppDelegate.swift in Sources */ = {isa = PBXBuildFile; fileRef = 613CEA231C9A07D80079CA56 /* AppDelegate.swift */; };
		613CEA291C9A07D80079CA56 /* Main.storyboard in Resources */ = {isa = PBXBuildFile; fileRef = 613CEA271C9A07D80079CA56 /* Main.storyboard */; };
		613CEA2B1C9A07D80079CA56 /* Assets.xcassets in Resources */ = {isa = PBXBuildFile; fileRef = 613CEA2A1C9A07D80079CA56 /* Assets.xcassets */; };
		613CEA2E1C9A07D80079CA56 /* LaunchScreen.storyboard in Resources */ = {isa = PBXBuildFile; fileRef = 613CEA2C1C9A07D80079CA56 /* LaunchScreen.storyboard */; };
		617481D91C9F8D1D005E14F9 /* RecordViewController.swift in Sources */ = {isa = PBXBuildFile; fileRef = 617481D81C9F8D1D005E14F9 /* RecordViewController.swift */; };
		61AB6BEF1CA73035004464E7 /* Collection.swift in Sources */ = {isa = PBXBuildFile; fileRef = 61AB6BEE1CA73035004464E7 /* Collection.swift */; };
		61AB6BF11CA73D1A004464E7 /* Idea.swift in Sources */ = {isa = PBXBuildFile; fileRef = 61AB6BF01CA73D1A004464E7 /* Idea.swift */; };
		61AB6BF31CA75110004464E7 /* Recorder.swift in Sources */ = {isa = PBXBuildFile; fileRef = 61AB6BF21CA75110004464E7 /* Recorder.swift */; };
		61B9DF051C9C1A2B00541940 /* RecordButtonImage.png in Resources */ = {isa = PBXBuildFile; fileRef = 61B9DF041C9C1A2B00541940 /* RecordButtonImage.png */; };
/* End PBXBuildFile section */

/* Begin PBXFileReference section */
		31AD493B1CB335F800FF13D2 /* SongListController2.swift */ = {isa = PBXFileReference; fileEncoding = 4; lastKnownFileType = sourcecode.swift; path = SongListController2.swift; sourceTree = "<group>"; };
		31AD493D1CB3361D00FF13D2 /* SongCell2.swift */ = {isa = PBXFileReference; fileEncoding = 4; lastKnownFileType = sourcecode.swift; path = SongCell2.swift; sourceTree = "<group>"; };
		31AD493F1CB3371900FF13D2 /* IdeaListController2.swift */ = {isa = PBXFileReference; fileEncoding = 4; lastKnownFileType = sourcecode.swift; path = IdeaListController2.swift; sourceTree = "<group>"; };
		31AD49411CB337A400FF13D2 /* IdeaCell2.swift */ = {isa = PBXFileReference; fileEncoding = 4; lastKnownFileType = sourcecode.swift; path = IdeaCell2.swift; sourceTree = "<group>"; };
		61066F691CA32DCF0031EF4A /* SongListTableViewController.swift */ = {isa = PBXFileReference; fileEncoding = 4; lastKnownFileType = sourcecode.swift; path = SongListTableViewController.swift; sourceTree = "<group>"; };
		61066F6B1CA32EA30031EF4A /* SettingsTableViewController.swift */ = {isa = PBXFileReference; fileEncoding = 4; lastKnownFileType = sourcecode.swift; path = SettingsTableViewController.swift; sourceTree = "<group>"; };
		61066F6F1CA332030031EF4A /* Song.swift */ = {isa = PBXFileReference; fileEncoding = 4; lastKnownFileType = sourcecode.swift; name = Song.swift; path = ../Song.swift; sourceTree = "<group>"; };
		6108EB8D1CA329650077CCC3 /* RecordButtonImage.png */ = {isa = PBXFileReference; lastKnownFileType = image.png; name = RecordButtonImage.png; path = ../../../Desktop/RecordButtonImage.png; sourceTree = "<group>"; };
		613CEA201C9A07D80079CA56 /* Aca.app */ = {isa = PBXFileReference; explicitFileType = wrapper.application; includeInIndex = 0; path = Aca.app; sourceTree = BUILT_PRODUCTS_DIR; };
		613CEA231C9A07D80079CA56 /* AppDelegate.swift */ = {isa = PBXFileReference; lastKnownFileType = sourcecode.swift; path = AppDelegate.swift; sourceTree = "<group>"; };
		613CEA281C9A07D80079CA56 /* Base */ = {isa = PBXFileReference; lastKnownFileType = file.storyboard; name = Base; path = Base.lproj/Main.storyboard; sourceTree = "<group>"; };
		613CEA2A1C9A07D80079CA56 /* Assets.xcassets */ = {isa = PBXFileReference; lastKnownFileType = folder.assetcatalog; path = Assets.xcassets; sourceTree = "<group>"; };
		613CEA2D1C9A07D80079CA56 /* Base */ = {isa = PBXFileReference; lastKnownFileType = file.storyboard; name = Base; path = Base.lproj/LaunchScreen.storyboard; sourceTree = "<group>"; };
		613CEA2F1C9A07D80079CA56 /* Info.plist */ = {isa = PBXFileReference; lastKnownFileType = text.plist.xml; path = Info.plist; sourceTree = "<group>"; };
		617481D81C9F8D1D005E14F9 /* RecordViewController.swift */ = {isa = PBXFileReference; fileEncoding = 4; lastKnownFileType = sourcecode.swift; path = RecordViewController.swift; sourceTree = "<group>"; };
		61AB6BEE1CA73035004464E7 /* Collection.swift */ = {isa = PBXFileReference; fileEncoding = 4; lastKnownFileType = sourcecode.swift; path = Collection.swift; sourceTree = "<group>"; };
		61AB6BF01CA73D1A004464E7 /* Idea.swift */ = {isa = PBXFileReference; fileEncoding = 4; lastKnownFileType = sourcecode.swift; path = Idea.swift; sourceTree = "<group>"; };
		61AB6BF21CA75110004464E7 /* Recorder.swift */ = {isa = PBXFileReference; fileEncoding = 4; lastKnownFileType = sourcecode.swift; path = Recorder.swift; sourceTree = "<group>"; };
		61B9DF041C9C1A2B00541940 /* RecordButtonImage.png */ = {isa = PBXFileReference; lastKnownFileType = image.png; name = RecordButtonImage.png; path = ../../../Desktop/RecordButtonImage.png; sourceTree = "<group>"; };
/* End PBXFileReference section */

/* Begin PBXFrameworksBuildPhase section */
		613CEA1D1C9A07D80079CA56 /* Frameworks */ = {
			isa = PBXFrameworksBuildPhase;
			buildActionMask = 2147483647;
			files = (
			);
			runOnlyForDeploymentPostprocessing = 0;
		};
/* End PBXFrameworksBuildPhase section */

/* Begin PBXGroup section */
		613CEA171C9A07D80079CA56 = {
			isa = PBXGroup;
			children = (
				613CEA221C9A07D80079CA56 /* Aca */,
				613CEA211C9A07D80079CA56 /* Products */,
			);
			sourceTree = "<group>";
		};
		613CEA211C9A07D80079CA56 /* Products */ = {
			isa = PBXGroup;
			children = (
				613CEA201C9A07D80079CA56 /* Aca.app */,
			);
			name = Products;
			sourceTree = "<group>";
		};
		613CEA221C9A07D80079CA56 /* Aca */ = {
			isa = PBXGroup;
			children = (
				6108EB8D1CA329650077CCC3 /* RecordButtonImage.png */,
				61B9DF041C9C1A2B00541940 /* RecordButtonImage.png */,
				613CEA231C9A07D80079CA56 /* AppDelegate.swift */,
				613CEA271C9A07D80079CA56 /* Main.storyboard */,
				31AD49411CB337A400FF13D2 /* IdeaCell2.swift */,
				31AD493F1CB3371900FF13D2 /* IdeaListController2.swift */,
				31AD493D1CB3361D00FF13D2 /* SongCell2.swift */,
				31AD493B1CB335F800FF13D2 /* SongListController2.swift */,
				613CEA2A1C9A07D80079CA56 /* Assets.xcassets */,
				613CEA2C1C9A07D80079CA56 /* LaunchScreen.storyboard */,
				613CEA2F1C9A07D80079CA56 /* Info.plist */,
				617481D81C9F8D1D005E14F9 /* RecordViewController.swift */,
				61066F6F1CA332030031EF4A /* Song.swift */,
				61066F691CA32DCF0031EF4A /* SongListTableViewController.swift */,
				61066F6B1CA32EA30031EF4A /* SettingsTableViewController.swift */,
				61AB6BEE1CA73035004464E7 /* Collection.swift */,
				61AB6BF01CA73D1A004464E7 /* Idea.swift */,
				61AB6BF21CA75110004464E7 /* Recorder.swift */,
			);
			path = Aca;
			sourceTree = "<group>";
		};
/* End PBXGroup section */

/* Begin PBXNativeTarget section */
		613CEA1F1C9A07D80079CA56 /* Aca */ = {
			isa = PBXNativeTarget;
			buildConfigurationList = 613CEA321C9A07D80079CA56 /* Build configuration list for PBXNativeTarget "Aca" */;
			buildPhases = (
				613CEA1C1C9A07D80079CA56 /* Sources */,
				613CEA1D1C9A07D80079CA56 /* Frameworks */,
				613CEA1E1C9A07D80079CA56 /* Resources */,
			);
			buildRules = (
			);
			dependencies = (
			);
			name = Aca;
			productName = Aca;
			productReference = 613CEA201C9A07D80079CA56 /* Aca.app */;
			productType = "com.apple.product-type.application";
		};
/* End PBXNativeTarget section */

/* Begin PBXProject section */
		613CEA181C9A07D80079CA56 /* Project object */ = {
			isa = PBXProject;
			attributes = {
				LastSwiftUpdateCheck = 0720;
				LastUpgradeCheck = 0720;
				ORGANIZATIONNAME = "Umair Sharif";
				TargetAttributes = {
					613CEA1F1C9A07D80079CA56 = {
						CreatedOnToolsVersion = 7.2.1;
						DevelopmentTeam = JXTYT79G8A;
					};
				};
			};
			buildConfigurationList = 613CEA1B1C9A07D80079CA56 /* Build configuration list for PBXProject "Aca" */;
			compatibilityVersion = "Xcode 3.2";
			developmentRegion = English;
			hasScannedForEncodings = 0;
			knownRegions = (
				en,
				Base,
			);
			mainGroup = 613CEA171C9A07D80079CA56;
			productRefGroup = 613CEA211C9A07D80079CA56 /* Products */;
			projectDirPath = "";
			projectRoot = "";
			targets = (
				613CEA1F1C9A07D80079CA56 /* Aca */,
			);
		};
/* End PBXProject section */

/* Begin PBXResourcesBuildPhase section */
		613CEA1E1C9A07D80079CA56 /* Resources */ = {
			isa = PBXResourcesBuildPhase;
			buildActionMask = 2147483647;
			files = (
				6108EB8E1CA329650077CCC3 /* RecordButtonImage.png in Resources */,
				613CEA2E1C9A07D80079CA56 /* LaunchScreen.storyboard in Resources */,
				613CEA2B1C9A07D80079CA56 /* Assets.xcassets in Resources */,
				61B9DF051C9C1A2B00541940 /* RecordButtonImage.png in Resources */,
				613CEA291C9A07D80079CA56 /* Main.storyboard in Resources */,
			);
			runOnlyForDeploymentPostprocessing = 0;
		};
/* End PBXResourcesBuildPhase section */

/* Begin PBXSourcesBuildPhase section */
		613CEA1C1C9A07D80079CA56 /* Sources */ = {
			isa = PBXSourcesBuildPhase;
			buildActionMask = 2147483647;
			files = (
				61AB6BF11CA73D1A004464E7 /* Idea.swift in Sources */,
				61066F6C1CA32EA30031EF4A /* SettingsTableViewController.swift in Sources */,
				61066F6A1CA32DCF0031EF4A /* SongListTableViewController.swift in Sources */,
				613CEA241C9A07D80079CA56 /* AppDelegate.swift in Sources */,
				61AB6BEF1CA73035004464E7 /* Collection.swift in Sources */,
				31AD493E1CB3361D00FF13D2 /* SongCell2.swift in Sources */,
				31AD49401CB3371900FF13D2 /* IdeaListController2.swift in Sources */,
				617481D91C9F8D1D005E14F9 /* RecordViewController.swift in Sources */,
				31AD493C1CB335F800FF13D2 /* SongListController2.swift in Sources */,
				61066F701CA332030031EF4A /* Song.swift in Sources */,
				61AB6BF31CA75110004464E7 /* Recorder.swift in Sources */,
				31AD49421CB337A400FF13D2 /* IdeaCell2.swift in Sources */,
			);
			runOnlyForDeploymentPostprocessing = 0;
		};
/* End PBXSourcesBuildPhase section */

/* Begin PBXVariantGroup section */
		613CEA271C9A07D80079CA56 /* Main.storyboard */ = {
			isa = PBXVariantGroup;
			children = (
				613CEA281C9A07D80079CA56 /* Base */,
			);
			name = Main.storyboard;
			sourceTree = "<group>";
		};
		613CEA2C1C9A07D80079CA56 /* LaunchScreen.storyboard */ = {
			isa = PBXVariantGroup;
			children = (
				613CEA2D1C9A07D80079CA56 /* Base */,
			);
			name = LaunchScreen.storyboard;
			sourceTree = "<group>";
		};
/* End PBXVariantGroup section */

/* Begin XCBuildConfiguration section */
		613CEA301C9A07D80079CA56 /* Debug */ = {
			isa = XCBuildConfiguration;
			buildSettings = {
				ALWAYS_SEARCH_USER_PATHS = NO;
				CLANG_CXX_LANGUAGE_STANDARD = "gnu++0x";
				CLANG_CXX_LIBRARY = "libc++";
				CLANG_ENABLE_MODULES = YES;
				CLANG_ENABLE_OBJC_ARC = YES;
				CLANG_WARN_BOOL_CONVERSION = YES;
				CLANG_WARN_CONSTANT_CONVERSION = YES;
				CLANG_WARN_DIRECT_OBJC_ISA_USAGE = YES_ERROR;
				CLANG_WARN_EMPTY_BODY = YES;
				CLANG_WARN_ENUM_CONVERSION = YES;
				CLANG_WARN_INT_CONVERSION = YES;
				CLANG_WARN_OBJC_ROOT_CLASS = YES_ERROR;
				CLANG_WARN_UNREACHABLE_CODE = YES;
				CLANG_WARN__DUPLICATE_METHOD_MATCH = YES;
				"CODE_SIGN_IDENTITY[sdk=iphoneos*]" = "iPhone Developer";
				COPY_PHASE_STRIP = NO;
				DEBUG_INFORMATION_FORMAT = dwarf;
				ENABLE_STRICT_OBJC_MSGSEND = YES;
				ENABLE_TESTABILITY = YES;
				GCC_C_LANGUAGE_STANDARD = gnu99;
				GCC_DYNAMIC_NO_PIC = NO;
				GCC_NO_COMMON_BLOCKS = YES;
				GCC_OPTIMIZATION_LEVEL = 0;
				GCC_PREPROCESSOR_DEFINITIONS = (
					"DEBUG=1",
					"$(inherited)",
				);
				GCC_WARN_64_TO_32_BIT_CONVERSION = YES;
				GCC_WARN_ABOUT_RETURN_TYPE = YES_ERROR;
				GCC_WARN_UNDECLARED_SELECTOR = YES;
				GCC_WARN_UNINITIALIZED_AUTOS = YES_AGGRESSIVE;
				GCC_WARN_UNUSED_FUNCTION = YES;
				GCC_WARN_UNUSED_VARIABLE = YES;
				IPHONEOS_DEPLOYMENT_TARGET = 9.2;
				MTL_ENABLE_DEBUG_INFO = YES;
				ONLY_ACTIVE_ARCH = YES;
				SDKROOT = iphoneos;
				SWIFT_OPTIMIZATION_LEVEL = "-Onone";
			};
			name = Debug;
		};
		613CEA311C9A07D80079CA56 /* Release */ = {
			isa = XCBuildConfiguration;
			buildSettings = {
				ALWAYS_SEARCH_USER_PATHS = NO;
				CLANG_CXX_LANGUAGE_STANDARD = "gnu++0x";
				CLANG_CXX_LIBRARY = "libc++";
				CLANG_ENABLE_MODULES = YES;
				CLANG_ENABLE_OBJC_ARC = YES;
				CLANG_WARN_BOOL_CONVERSION = YES;
				CLANG_WARN_CONSTANT_CONVERSION = YES;
				CLANG_WARN_DIRECT_OBJC_ISA_USAGE = YES_ERROR;
				CLANG_WARN_EMPTY_BODY = YES;
				CLANG_WARN_ENUM_CONVERSION = YES;
				CLANG_WARN_INT_CONVERSION = YES;
				CLANG_WARN_OBJC_ROOT_CLASS = YES_ERROR;
				CLANG_WARN_UNREACHABLE_CODE = YES;
				CLANG_WARN__DUPLICATE_METHOD_MATCH = YES;
				"CODE_SIGN_IDENTITY[sdk=iphoneos*]" = "iPhone Developer";
				COPY_PHASE_STRIP = NO;
				DEBUG_INFORMATION_FORMAT = "dwarf-with-dsym";
				ENABLE_NS_ASSERTIONS = NO;
				ENABLE_STRICT_OBJC_MSGSEND = YES;
				GCC_C_LANGUAGE_STANDARD = gnu99;
				GCC_NO_COMMON_BLOCKS = YES;
				GCC_WARN_64_TO_32_BIT_CONVERSION = YES;
				GCC_WARN_ABOUT_RETURN_TYPE = YES_ERROR;
				GCC_WARN_UNDECLARED_SELECTOR = YES;
				GCC_WARN_UNINITIALIZED_AUTOS = YES_AGGRESSIVE;
				GCC_WARN_UNUSED_FUNCTION = YES;
				GCC_WARN_UNUSED_VARIABLE = YES;
				IPHONEOS_DEPLOYMENT_TARGET = 9.2;
				MTL_ENABLE_DEBUG_INFO = NO;
				SDKROOT = iphoneos;
				VALIDATE_PRODUCT = YES;
			};
			name = Release;
		};
		613CEA331C9A07D80079CA56 /* Debug */ = {
			isa = XCBuildConfiguration;
			buildSettings = {
				ASSETCATALOG_COMPILER_APPICON_NAME = AppIcon;
				INFOPLIST_FILE = Aca/Info.plist;
				LD_RUNPATH_SEARCH_PATHS = "$(inherited) @executable_path/Frameworks";
				PRODUCT_BUNDLE_IDENTIFIER = com.umair.Aca;
				PRODUCT_NAME = "$(TARGET_NAME)";
			};
			name = Debug;
		};
		613CEA341C9A07D80079CA56 /* Release */ = {
			isa = XCBuildConfiguration;
			buildSettings = {
				ASSETCATALOG_COMPILER_APPICON_NAME = AppIcon;
				INFOPLIST_FILE = Aca/Info.plist;
				LD_RUNPATH_SEARCH_PATHS = "$(inherited) @executable_path/Frameworks";
				PRODUCT_BUNDLE_IDENTIFIER = com.umair.Aca;
				PRODUCT_NAME = "$(TARGET_NAME)";
			};
			name = Release;
		};
/* End XCBuildConfiguration section */

/* Begin XCConfigurationList section */
		613CEA1B1C9A07D80079CA56 /* Build configuration list for PBXProject "Aca" */ = {
			isa = XCConfigurationList;
			buildConfigurations = (
				613CEA301C9A07D80079CA56 /* Debug */,
				613CEA311C9A07D80079CA56 /* Release */,
			);
			defaultConfigurationIsVisible = 0;
			defaultConfigurationName = Release;
		};
		613CEA321C9A07D80079CA56 /* Build configuration list for PBXNativeTarget "Aca" */ = {
			isa = XCConfigurationList;
			buildConfigurations = (
				613CEA331C9A07D80079CA56 /* Debug */,
				613CEA341C9A07D80079CA56 /* Release */,
			);
			defaultConfigurationIsVisible = 0;
			defaultConfigurationName = Release;
		};
/* End XCConfigurationList section */
	};
	rootObject = 613CEA181C9A07D80079CA56 /* Project object */;
}
